// !$*UTF8*$!
{
	archiveVersion = 1;
	classes = {
	};
	objectVersion = 56;
	objects = {

/* Begin PBXBuildFile section */
		40620C5329FD443B001EE414 /* Cash_SplitApp.swift in Sources */ = {isa = PBXBuildFile; fileRef = 40620C5229FD443B001EE414 /* Cash_SplitApp.swift */; };
		40620C5529FD443B001EE414 /* ContentView.swift in Sources */ = {isa = PBXBuildFile; fileRef = 40620C5429FD443B001EE414 /* ContentView.swift */; };
		40620C5729FD443D001EE414 /* Assets.xcassets in Resources */ = {isa = PBXBuildFile; fileRef = 40620C5629FD443D001EE414 /* Assets.xcassets */; };
		40620C5A29FD443D001EE414 /* Preview Assets.xcassets in Resources */ = {isa = PBXBuildFile; fileRef = 40620C5929FD443D001EE414 /* Preview Assets.xcassets */; };
		40620C6429FD443D001EE414 /* Cash_SplitTests.swift in Sources */ = {isa = PBXBuildFile; fileRef = 40620C6329FD443D001EE414 /* Cash_SplitTests.swift */; };
		40620C6E29FD443D001EE414 /* Cash_SplitUITests.swift in Sources */ = {isa = PBXBuildFile; fileRef = 40620C6D29FD443D001EE414 /* Cash_SplitUITests.swift */; };
		40620C7029FD443D001EE414 /* Cash_SplitUITestsLaunchTests.swift in Sources */ = {isa = PBXBuildFile; fileRef = 40620C6F29FD443D001EE414 /* Cash_SplitUITestsLaunchTests.swift */; };
/* End PBXBuildFile section */

/* Begin PBXContainerItemProxy section */
		40620C6029FD443D001EE414 /* PBXContainerItemProxy */ = {
			isa = PBXContainerItemProxy;
			containerPortal = 40620C4729FD443B001EE414 /* Project object */;
			proxyType = 1;
			remoteGlobalIDString = 40620C4E29FD443B001EE414;
			remoteInfo = "Cash Split";
		};
		40620C6A29FD443D001EE414 /* PBXContainerItemProxy */ = {
			isa = PBXContainerItemProxy;
			containerPortal = 40620C4729FD443B001EE414 /* Project object */;
			proxyType = 1;
			remoteGlobalIDString = 40620C4E29FD443B001EE414;
			remoteInfo = "Cash Split";
		};
/* End PBXContainerItemProxy section */

/* Begin PBXFileReference section */
		40620C4F29FD443B001EE414 /* Cash Split.app */ = {isa = PBXFileReference; explicitFileType = wrapper.application; includeInIndex = 0; path = "Cash Split.app"; sourceTree = BUILT_PRODUCTS_DIR; };
		40620C5229FD443B001EE414 /* Cash_SplitApp.swift */ = {isa = PBXFileReference; lastKnownFileType = sourcecode.swift; path = Cash_SplitApp.swift; sourceTree = "<group>"; };
		40620C5429FD443B001EE414 /* ContentView.swift */ = {isa = PBXFileReference; lastKnownFileType = sourcecode.swift; path = ContentView.swift; sourceTree = "<group>"; };
		40620C5629FD443D001EE414 /* Assets.xcassets */ = {isa = PBXFileReference; lastKnownFileType = folder.assetcatalog; path = Assets.xcassets; sourceTree = "<group>"; };
		40620C5929FD443D001EE414 /* Preview Assets.xcassets */ = {isa = PBXFileReference; lastKnownFileType = folder.assetcatalog; path = "Preview Assets.xcassets"; sourceTree = "<group>"; };
		40620C5F29FD443D001EE414 /* Cash SplitTests.xctest */ = {isa = PBXFileReference; explicitFileType = wrapper.cfbundle; includeInIndex = 0; path = "Cash SplitTests.xctest"; sourceTree = BUILT_PRODUCTS_DIR; };
		40620C6329FD443D001EE414 /* Cash_SplitTests.swift */ = {isa = PBXFileReference; lastKnownFileType = sourcecode.swift; path = Cash_SplitTests.swift; sourceTree = "<group>"; };
		40620C6929FD443D001EE414 /* Cash SplitUITests.xctest */ = {isa = PBXFileReference; explicitFileType = wrapper.cfbundle; includeInIndex = 0; path = "Cash SplitUITests.xctest"; sourceTree = BUILT_PRODUCTS_DIR; };
		40620C6D29FD443D001EE414 /* Cash_SplitUITests.swift */ = {isa = PBXFileReference; lastKnownFileType = sourcecode.swift; path = Cash_SplitUITests.swift; sourceTree = "<group>"; };
		40620C6F29FD443D001EE414 /* Cash_SplitUITestsLaunchTests.swift */ = {isa = PBXFileReference; lastKnownFileType = sourcecode.swift; path = Cash_SplitUITestsLaunchTests.swift; sourceTree = "<group>"; };
/* End PBXFileReference section */

/* Begin PBXFrameworksBuildPhase section */
		40620C4C29FD443B001EE414 /* Frameworks */ = {
			isa = PBXFrameworksBuildPhase;
			buildActionMask = 2147483647;
			files = (
			);
			runOnlyForDeploymentPostprocessing = 0;
		};
		40620C5C29FD443D001EE414 /* Frameworks */ = {
			isa = PBXFrameworksBuildPhase;
			buildActionMask = 2147483647;
			files = (
			);
			runOnlyForDeploymentPostprocessing = 0;
		};
		40620C6629FD443D001EE414 /* Frameworks */ = {
			isa = PBXFrameworksBuildPhase;
			buildActionMask = 2147483647;
			files = (
			);
			runOnlyForDeploymentPostprocessing = 0;
		};
/* End PBXFrameworksBuildPhase section */

/* Begin PBXGroup section */
		40620C4629FD443B001EE414 = {
			isa = PBXGroup;
			children = (
				40620C5129FD443B001EE414 /* Cash Split */,
				40620C6229FD443D001EE414 /* Cash SplitTests */,
				40620C6C29FD443D001EE414 /* Cash SplitUITests */,
				40620C5029FD443B001EE414 /* Products */,
			);
			sourceTree = "<group>";
		};
		40620C5029FD443B001EE414 /* Products */ = {
			isa = PBXGroup;
			children = (
				40620C4F29FD443B001EE414 /* Cash Split.app */,
				40620C5F29FD443D001EE414 /* Cash SplitTests.xctest */,
				40620C6929FD443D001EE414 /* Cash SplitUITests.xctest */,
			);
			name = Products;
			sourceTree = "<group>";
		};
		40620C5129FD443B001EE414 /* Cash Split */ = {
			isa = PBXGroup;
			children = (
				40620C5229FD443B001EE414 /* Cash_SplitApp.swift */,
				40620C5429FD443B001EE414 /* ContentView.swift */,
				40620C5629FD443D001EE414 /* Assets.xcassets */,
				40620C5829FD443D001EE414 /* Preview Content */,
			);
			path = "Cash Split";
			sourceTree = "<group>";
		};
		40620C5829FD443D001EE414 /* Preview Content */ = {
			isa = PBXGroup;
			children = (
				40620C5929FD443D001EE414 /* Preview Assets.xcassets */,
			);
			path = "Preview Content";
			sourceTree = "<group>";
		};
		40620C6229FD443D001EE414 /* Cash SplitTests */ = {
			isa = PBXGroup;
			children = (
				40620C6329FD443D001EE414 /* Cash_SplitTests.swift */,
			);
			path = "Cash SplitTests";
			sourceTree = "<group>";
		};
		40620C6C29FD443D001EE414 /* Cash SplitUITests */ = {
			isa = PBXGroup;
			children = (
				40620C6D29FD443D001EE414 /* Cash_SplitUITests.swift */,
				40620C6F29FD443D001EE414 /* Cash_SplitUITestsLaunchTests.swift */,
			);
			path = "Cash SplitUITests";
			sourceTree = "<group>";
		};
/* End PBXGroup section */

/* Begin PBXNativeTarget section */
		40620C4E29FD443B001EE414 /* Cash Split */ = {
			isa = PBXNativeTarget;
			buildConfigurationList = 40620C7329FD443D001EE414 /* Build configuration list for PBXNativeTarget "Cash Split" */;
			buildPhases = (
				40620C4B29FD443B001EE414 /* Sources */,
				40620C4C29FD443B001EE414 /* Frameworks */,
				40620C4D29FD443B001EE414 /* Resources */,
			);
			buildRules = (
			);
			dependencies = (
			);
			name = "Cash Split";
			productName = "Cash Split";
			productReference = 40620C4F29FD443B001EE414 /* Cash Split.app */;
			productType = "com.apple.product-type.application";
		};
		40620C5E29FD443D001EE414 /* Cash SplitTests */ = {
			isa = PBXNativeTarget;
			buildConfigurationList = 40620C7629FD443D001EE414 /* Build configuration list for PBXNativeTarget "Cash SplitTests" */;
			buildPhases = (
				40620C5B29FD443D001EE414 /* Sources */,
				40620C5C29FD443D001EE414 /* Frameworks */,
				40620C5D29FD443D001EE414 /* Resources */,
			);
			buildRules = (
			);
			dependencies = (
				40620C6129FD443D001EE414 /* PBXTargetDependency */,
			);
			name = "Cash SplitTests";
			productName = "Cash SplitTests";
			productReference = 40620C5F29FD443D001EE414 /* Cash SplitTests.xctest */;
			productType = "com.apple.product-type.bundle.unit-test";
		};
		40620C6829FD443D001EE414 /* Cash SplitUITests */ = {
			isa = PBXNativeTarget;
			buildConfigurationList = 40620C7929FD443D001EE414 /* Build configuration list for PBXNativeTarget "Cash SplitUITests" */;
			buildPhases = (
				40620C6529FD443D001EE414 /* Sources */,
				40620C6629FD443D001EE414 /* Frameworks */,
				40620C6729FD443D001EE414 /* Resources */,
			);
			buildRules = (
			);
			dependencies = (
				40620C6B29FD443D001EE414 /* PBXTargetDependency */,
			);
			name = "Cash SplitUITests";
			productName = "Cash SplitUITests";
			productReference = 40620C6929FD443D001EE414 /* Cash SplitUITests.xctest */;
			productType = "com.apple.product-type.bundle.ui-testing";
		};
/* End PBXNativeTarget section */

/* Begin PBXProject section */
		40620C4729FD443B001EE414 /* Project object */ = {
			isa = PBXProject;
			attributes = {
				BuildIndependentTargetsInParallel = 1;
				LastSwiftUpdateCheck = 1430;
				LastUpgradeCheck = 1430;
				TargetAttributes = {
					40620C4E29FD443B001EE414 = {
						CreatedOnToolsVersion = 14.3;
					};
					40620C5E29FD443D001EE414 = {
						CreatedOnToolsVersion = 14.3;
						TestTargetID = 40620C4E29FD443B001EE414;
					};
					40620C6829FD443D001EE414 = {
						CreatedOnToolsVersion = 14.3;
						TestTargetID = 40620C4E29FD443B001EE414;
					};
				};
			};
			buildConfigurationList = 40620C4A29FD443B001EE414 /* Build configuration list for PBXProject "Cash Split" */;
			compatibilityVersion = "Xcode 14.0";
			developmentRegion = en;
			hasScannedForEncodings = 0;
			knownRegions = (
				en,
				Base,
			);
			mainGroup = 40620C4629FD443B001EE414;
			productRefGroup = 40620C5029FD443B001EE414 /* Products */;
			projectDirPath = "";
			projectRoot = "";
			targets = (
				40620C4E29FD443B001EE414 /* Cash Split */,
				40620C5E29FD443D001EE414 /* Cash SplitTests */,
				40620C6829FD443D001EE414 /* Cash SplitUITests */,
			);
		};
/* End PBXProject section */

/* Begin PBXResourcesBuildPhase section */
		40620C4D29FD443B001EE414 /* Resources */ = {
			isa = PBXResourcesBuildPhase;
			buildActionMask = 2147483647;
			files = (
				40620C5A29FD443D001EE414 /* Preview Assets.xcassets in Resources */,
				40620C5729FD443D001EE414 /* Assets.xcassets in Resources */,
			);
			runOnlyForDeploymentPostprocessing = 0;
		};
		40620C5D29FD443D001EE414 /* Resources */ = {
			isa = PBXResourcesBuildPhase;
			buildActionMask = 2147483647;
			files = (
			);
			runOnlyForDeploymentPostprocessing = 0;
		};
		40620C6729FD443D001EE414 /* Resources */ = {
			isa = PBXResourcesBuildPhase;
			buildActionMask = 2147483647;
			files = (
			);
			runOnlyForDeploymentPostprocessing = 0;
		};
/* End PBXResourcesBuildPhase section */

/* Begin PBXSourcesBuildPhase section */
		40620C4B29FD443B001EE414 /* Sources */ = {
			isa = PBXSourcesBuildPhase;
			buildActionMask = 2147483647;
			files = (
				40620C5529FD443B001EE414 /* ContentView.swift in Sources */,
				40620C5329FD443B001EE414 /* Cash_SplitApp.swift in Sources */,
			);
			runOnlyForDeploymentPostprocessing = 0;
		};
		40620C5B29FD443D001EE414 /* Sources */ = {
			isa = PBXSourcesBuildPhase;
			buildActionMask = 2147483647;
			files = (
				40620C6429FD443D001EE414 /* Cash_SplitTests.swift in Sources */,
			);
			runOnlyForDeploymentPostprocessing = 0;
		};
		40620C6529FD443D001EE414 /* Sources */ = {
			isa = PBXSourcesBuildPhase;
			buildActionMask = 2147483647;
			files = (
				40620C7029FD443D001EE414 /* Cash_SplitUITestsLaunchTests.swift in Sources */,
				40620C6E29FD443D001EE414 /* Cash_SplitUITests.swift in Sources */,
			);
			runOnlyForDeploymentPostprocessing = 0;
		};
/* End PBXSourcesBuildPhase section */

/* Begin PBXTargetDependency section */
		40620C6129FD443D001EE414 /* PBXTargetDependency */ = {
			isa = PBXTargetDependency;
			target = 40620C4E29FD443B001EE414 /* Cash Split */;
			targetProxy = 40620C6029FD443D001EE414 /* PBXContainerItemProxy */;
		};
		40620C6B29FD443D001EE414 /* PBXTargetDependency */ = {
			isa = PBXTargetDependency;
			target = 40620C4E29FD443B001EE414 /* Cash Split */;
			targetProxy = 40620C6A29FD443D001EE414 /* PBXContainerItemProxy */;
		};
/* End PBXTargetDependency section */

/* Begin XCBuildConfiguration section */
		40620C7129FD443D001EE414 /* Debug */ = {
			isa = XCBuildConfiguration;
			buildSettings = {
				ALWAYS_SEARCH_USER_PATHS = NO;
				CLANG_ANALYZER_NONNULL = YES;
				CLANG_ANALYZER_NUMBER_OBJECT_CONVERSION = YES_AGGRESSIVE;
				CLANG_CXX_LANGUAGE_STANDARD = "gnu++20";
				CLANG_ENABLE_MODULES = YES;
				CLANG_ENABLE_OBJC_ARC = YES;
				CLANG_ENABLE_OBJC_WEAK = YES;
				CLANG_WARN_BLOCK_CAPTURE_AUTORELEASING = YES;
				CLANG_WARN_BOOL_CONVERSION = YES;
				CLANG_WARN_COMMA = YES;
				CLANG_WARN_CONSTANT_CONVERSION = YES;
				CLANG_WARN_DEPRECATED_OBJC_IMPLEMENTATIONS = YES;
				CLANG_WARN_DIRECT_OBJC_ISA_USAGE = YES_ERROR;
				CLANG_WARN_DOCUMENTATION_COMMENTS = YES;
				CLANG_WARN_EMPTY_BODY = YES;
				CLANG_WARN_ENUM_CONVERSION = YES;
				CLANG_WARN_INFINITE_RECURSION = YES;
				CLANG_WARN_INT_CONVERSION = YES;
				CLANG_WARN_NON_LITERAL_NULL_CONVERSION = YES;
				CLANG_WARN_OBJC_IMPLICIT_RETAIN_SELF = YES;
				CLANG_WARN_OBJC_LITERAL_CONVERSION = YES;
				CLANG_WARN_OBJC_ROOT_CLASS = YES_ERROR;
				CLANG_WARN_QUOTED_INCLUDE_IN_FRAMEWORK_HEADER = YES;
				CLANG_WARN_RANGE_LOOP_ANALYSIS = YES;
				CLANG_WARN_STRICT_PROTOTYPES = YES;
				CLANG_WARN_SUSPICIOUS_MOVE = YES;
				CLANG_WARN_UNGUARDED_AVAILABILITY = YES_AGGRESSIVE;
				CLANG_WARN_UNREACHABLE_CODE = YES;
				CLANG_WARN__DUPLICATE_METHOD_MATCH = YES;
				COPY_PHASE_STRIP = NO;
				DEBUG_INFORMATION_FORMAT = dwarf;
				ENABLE_STRICT_OBJC_MSGSEND = YES;
				ENABLE_TESTABILITY = YES;
				GCC_C_LANGUAGE_STANDARD = gnu11;
				GCC_DYNAMIC_NO_PIC = NO;
				GCC_NO_COMMON_BLOCKS = YES;
				GCC_OPTIMIZATION_LEVEL = 0;
				GCC_PREPROCESSOR_DEFINITIONS = (
					"DEBUG=1",
					"$(inherited)",
				);
				GCC_WARN_64_TO_32_BIT_CONVERSION = YES;
				GCC_WARN_ABOUT_RETURN_TYPE = YES_ERROR;
				GCC_WARN_UNDECLARED_SELECTOR = YES;
				GCC_WARN_UNINITIALIZED_AUTOS = YES_AGGRESSIVE;
				GCC_WARN_UNUSED_FUNCTION = YES;
				GCC_WARN_UNUSED_VARIABLE = YES;
				IPHONEOS_DEPLOYMENT_TARGET = 16.4;
				MTL_ENABLE_DEBUG_INFO = INCLUDE_SOURCE;
				MTL_FAST_MATH = YES;
				ONLY_ACTIVE_ARCH = YES;
				SDKROOT = iphoneos;
				SWIFT_ACTIVE_COMPILATION_CONDITIONS = DEBUG;
				SWIFT_OPTIMIZATION_LEVEL = "-Onone";
			};
			name = Debug;
		};
		40620C7229FD443D001EE414 /* Release */ = {
			isa = XCBuildConfiguration;
			buildSettings = {
				ALWAYS_SEARCH_USER_PATHS = NO;
				CLANG_ANALYZER_NONNULL = YES;
				CLANG_ANALYZER_NUMBER_OBJECT_CONVERSION = YES_AGGRESSIVE;
				CLANG_CXX_LANGUAGE_STANDARD = "gnu++20";
				CLANG_ENABLE_MODULES = YES;
				CLANG_ENABLE_OBJC_ARC = YES;
				CLANG_ENABLE_OBJC_WEAK = YES;
				CLANG_WARN_BLOCK_CAPTURE_AUTORELEASING = YES;
				CLANG_WARN_BOOL_CONVERSION = YES;
				CLANG_WARN_COMMA = YES;
				CLANG_WARN_CONSTANT_CONVERSION = YES;
				CLANG_WARN_DEPRECATED_OBJC_IMPLEMENTATIONS = YES;
				CLANG_WARN_DIRECT_OBJC_ISA_USAGE = YES_ERROR;
				CLANG_WARN_DOCUMENTATION_COMMENTS = YES;
				CLANG_WARN_EMPTY_BODY = YES;
				CLANG_WARN_ENUM_CONVERSION = YES;
				CLANG_WARN_INFINITE_RECURSION = YES;
				CLANG_WARN_INT_CONVERSION = YES;
				CLANG_WARN_NON_LITERAL_NULL_CONVERSION = YES;
				CLANG_WARN_OBJC_IMPLICIT_RETAIN_SELF = YES;
				CLANG_WARN_OBJC_LITERAL_CONVERSION = YES;
				CLANG_WARN_OBJC_ROOT_CLASS = YES_ERROR;
				CLANG_WARN_QUOTED_INCLUDE_IN_FRAMEWORK_HEADER = YES;
				CLANG_WARN_RANGE_LOOP_ANALYSIS = YES;
				CLANG_WARN_STRICT_PROTOTYPES = YES;
				CLANG_WARN_SUSPICIOUS_MOVE = YES;
				CLANG_WARN_UNGUARDED_AVAILABILITY = YES_AGGRESSIVE;
				CLANG_WARN_UNREACHABLE_CODE = YES;
				CLANG_WARN__DUPLICATE_METHOD_MATCH = YES;
				COPY_PHASE_STRIP = NO;
				DEBUG_INFORMATION_FORMAT = "dwarf-with-dsym";
				ENABLE_NS_ASSERTIONS = NO;
				ENABLE_STRICT_OBJC_MSGSEND = YES;
				GCC_C_LANGUAGE_STANDARD = gnu11;
				GCC_NO_COMMON_BLOCKS = YES;
				GCC_WARN_64_TO_32_BIT_CONVERSION = YES;
				GCC_WARN_ABOUT_RETURN_TYPE = YES_ERROR;
				GCC_WARN_UNDECLARED_SELECTOR = YES;
				GCC_WARN_UNINITIALIZED_AUTOS = YES_AGGRESSIVE;
				GCC_WARN_UNUSED_FUNCTION = YES;
				GCC_WARN_UNUSED_VARIABLE = YES;
				IPHONEOS_DEPLOYMENT_TARGET = 16.4;
				MTL_ENABLE_DEBUG_INFO = NO;
				MTL_FAST_MATH = YES;
				SDKROOT = iphoneos;
				SWIFT_COMPILATION_MODE = wholemodule;
				SWIFT_OPTIMIZATION_LEVEL = "-O";
				VALIDATE_PRODUCT = YES;
			};
			name = Release;
		};
		40620C7429FD443D001EE414 /* Debug */ = {
			isa = XCBuildConfiguration;
			buildSettings = {
				ASSETCATALOG_COMPILER_APPICON_NAME = AppIcon;
				ASSETCATALOG_COMPILER_GLOBAL_ACCENT_COLOR_NAME = AccentColor;
				CODE_SIGN_STYLE = Automatic;
				CURRENT_PROJECT_VERSION = 1;
				DEVELOPMENT_ASSET_PATHS = "\"Cash Split/Preview Content\"";
				DEVELOPMENT_TEAM = D5M38GX662;
				ENABLE_PREVIEWS = YES;
				GENERATE_INFOPLIST_FILE = YES;
				INFOPLIST_KEY_UIApplicationSceneManifest_Generation = YES;
				INFOPLIST_KEY_UIApplicationSupportsIndirectInputEvents = YES;
				INFOPLIST_KEY_UILaunchScreen_Generation = YES;
				INFOPLIST_KEY_UISupportedInterfaceOrientations_iPad = "UIInterfaceOrientationPortrait UIInterfaceOrientationPortraitUpsideDown UIInterfaceOrientationLandscapeLeft UIInterfaceOrientationLandscapeRight";
				INFOPLIST_KEY_UISupportedInterfaceOrientations_iPhone = "UIInterfaceOrientationPortrait UIInterfaceOrientationLandscapeLeft UIInterfaceOrientationLandscapeRight";
				LD_RUNPATH_SEARCH_PATHS = (
					"$(inherited)",
					"@executable_path/Frameworks",
				);
				MARKETING_VERSION = 1.0;
				PRODUCT_BUNDLE_IDENTIFIER = "com.pravalappdev.Cash-Split";
				PRODUCT_NAME = "$(TARGET_NAME)";
				SWIFT_EMIT_LOC_STRINGS = YES;
				SWIFT_VERSION = 5.0;
				TARGETED_DEVICE_FAMILY = "1,2";
			};
			name = Debug;
		};
		40620C7529FD443D001EE414 /* Release */ = {
			isa = XCBuildConfiguration;
			buildSettings = {
				ASSETCATALOG_COMPILER_APPICON_NAME = AppIcon;
				ASSETCATALOG_COMPILER_GLOBAL_ACCENT_COLOR_NAME = AccentColor;
				CODE_SIGN_STYLE = Automatic;
				CURRENT_PROJECT_VERSION = 1;
				DEVELOPMENT_ASSET_PATHS = "\"Cash Split/Preview Content\"";
				DEVELOPMENT_TEAM = D5M38GX662;
				ENABLE_PREVIEWS = YES;
				GENERATE_INFOPLIST_FILE = YES;
				INFOPLIST_KEY_UIApplicationSceneManifest_Generation = YES;
				INFOPLIST_KEY_UIApplicationSupportsIndirectInputEvents = YES;
				INFOPLIST_KEY_UILaunchScreen_Generation = YES;
				INFOPLIST_KEY_UISupportedInterfaceOrientations_iPad = "UIInterfaceOrientationPortrait UIInterfaceOrientationPortraitUpsideDown UIInterfaceOrientationLandscapeLeft UIInterfaceOrientationLandscapeRight";
				INFOPLIST_KEY_UISupportedInterfaceOrientations_iPhone = "UIInterfaceOrientationPortrait UIInterfaceOrientationLandscapeLeft UIInterfaceOrientationLandscapeRight";
				LD_RUNPATH_SEARCH_PATHS = (
					"$(inherited)",
					"@executable_path/Frameworks",
				);
				MARKETING_VERSION = 1.0;
				PRODUCT_BUNDLE_IDENTIFIER = "com.pravalappdev.Cash-Split";
				PRODUCT_NAME = "$(TARGET_NAME)";
				SWIFT_EMIT_LOC_STRINGS = YES;
				SWIFT_VERSION = 5.0;
				TARGETED_DEVICE_FAMILY = "1,2";
			};
			name = Release;
		};
		40620C7729FD443D001EE414 /* Debug */ = {
			isa = XCBuildConfiguration;
			buildSettings = {
				ALWAYS_EMBED_SWIFT_STANDARD_LIBRARIES = YES;
				BUNDLE_LOADER = "$(TEST_HOST)";
				CODE_SIGN_STYLE = Automatic;
				CURRENT_PROJECT_VERSION = 1;
				DEVELOPMENT_TEAM = D5M38GX662;
				GENERATE_INFOPLIST_FILE = YES;
				IPHONEOS_DEPLOYMENT_TARGET = 16.4;
				MARKETING_VERSION = 1.0;
				PRODUCT_BUNDLE_IDENTIFIER = "com.pravalappdev.Cash-SplitTests";
				PRODUCT_NAME = "$(TARGET_NAME)";
				SWIFT_EMIT_LOC_STRINGS = NO;
				SWIFT_VERSION = 5.0;
				TARGETED_DEVICE_FAMILY = "1,2";
				TEST_HOST = "$(BUILT_PRODUCTS_DIR)/Cash Split.app/$(BUNDLE_EXECUTABLE_FOLDER_PATH)/Cash Split";
			};
			name = Debug;
		};
		40620C7829FD443D001EE414 /* Release */ = {
			isa = XCBuildConfiguration;
			buildSettings = {
				ALWAYS_EMBED_SWIFT_STANDARD_LIBRARIES = YES;
				BUNDLE_LOADER = "$(TEST_HOST)";
				CODE_SIGN_STYLE = Automatic;
				CURRENT_PROJECT_VERSION = 1;
				DEVELOPMENT_TEAM = D5M38GX662;
				GENERATE_INFOPLIST_FILE = YES;
				IPHONEOS_DEPLOYMENT_TARGET = 16.4;
				MARKETING_VERSION = 1.0;
				PRODUCT_BUNDLE_IDENTIFIER = "com.pravalappdev.Cash-SplitTests";
				PRODUCT_NAME = "$(TARGET_NAME)";
				SWIFT_EMIT_LOC_STRINGS = NO;
				SWIFT_VERSION = 5.0;
				TARGETED_DEVICE_FAMILY = "1,2";
				TEST_HOST = "$(BUILT_PRODUCTS_DIR)/Cash Split.app/$(BUNDLE_EXECUTABLE_FOLDER_PATH)/Cash Split";
			};
			name = Release;
		};
		40620C7A29FD443D001EE414 /* Debug */ = {
			isa = XCBuildConfiguration;
			buildSettings = {
				ALWAYS_EMBED_SWIFT_STANDARD_LIBRARIES = YES;
				CODE_SIGN_STYLE = Automatic;
				CURRENT_PROJECT_VERSION = 1;
				DEVELOPMENT_TEAM = D5M38GX662;
				GENERATE_INFOPLIST_FILE = YES;
				MARKETING_VERSION = 1.0;
				PRODUCT_BUNDLE_IDENTIFIER = "com.pravalappdev.Cash-SplitUITests";
				PRODUCT_NAME = "$(TARGET_NAME)";
				SWIFT_EMIT_LOC_STRINGS = NO;
				SWIFT_VERSION = 5.0;
				TARGETED_DEVICE_FAMILY = "1,2";
				TEST_TARGET_NAME = "Cash Split";
			};
			name = Debug;
		};
		40620C7B29FD443D001EE414 /* Release */ = {
			isa = XCBuildConfiguration;
			buildSettings = {
				ALWAYS_EMBED_SWIFT_STANDARD_LIBRARIES = YES;
				CODE_SIGN_STYLE = Automatic;
				CURRENT_PROJECT_VERSION = 1;
				DEVELOPMENT_TEAM = D5M38GX662;
				GENERATE_INFOPLIST_FILE = YES;
				MARKETING_VERSION = 1.0;
				PRODUCT_BUNDLE_IDENTIFIER = "com.pravalappdev.Cash-SplitUITests";
				PRODUCT_NAME = "$(TARGET_NAME)";
				SWIFT_EMIT_LOC_STRINGS = NO;
				SWIFT_VERSION = 5.0;
				TARGETED_DEVICE_FAMILY = "1,2";
				TEST_TARGET_NAME = "Cash Split";
			};
			name = Release;
		};
/* End XCBuildConfiguration section */

/* Begin XCConfigurationList section */
		40620C4A29FD443B001EE414 /* Build configuration list for PBXProject "Cash Split" */ = {
			isa = XCConfigurationList;
			buildConfigurations = (
				40620C7129FD443D001EE414 /* Debug */,
				40620C7229FD443D001EE414 /* Release */,
			);
			defaultConfigurationIsVisible = 0;
			defaultConfigurationName = Release;
		};
		40620C7329FD443D001EE414 /* Build configuration list for PBXNativeTarget "Cash Split" */ = {
			isa = XCConfigurationList;
			buildConfigurations = (
				40620C7429FD443D001EE414 /* Debug */,
				40620C7529FD443D001EE414 /* Release */,
			);
			defaultConfigurationIsVisible = 0;
			defaultConfigurationName = Release;
		};
		40620C7629FD443D001EE414 /* Build configuration list for PBXNativeTarget "Cash SplitTests" */ = {
			isa = XCConfigurationList;
			buildConfigurations = (
				40620C7729FD443D001EE414 /* Debug */,
				40620C7829FD443D001EE414 /* Release */,
			);
			defaultConfigurationIsVisible = 0;
			defaultConfigurationName = Release;
		};
		40620C7929FD443D001EE414 /* Build configuration list for PBXNativeTarget "Cash SplitUITests" */ = {
			isa = XCConfigurationList;
			buildConfigurations = (
				40620C7A29FD443D001EE414 /* Debug */,
				40620C7B29FD443D001EE414 /* Release */,
			);
			defaultConfigurationIsVisible = 0;
			defaultConfigurationName = Release;
		};
/* End XCConfigurationList section */
	};
	rootObject = 40620C4729FD443B001EE414 /* Project object */;
}
